
Microsoft Visual Studio Solution File, Format Version 12.00
# Visual Studio 2012
Project("{FAE04EC0-301F-11D3-BF4B-00C04F79EFBC}") = "MonoDevelop.Inspector.Mac", "MonoDevelop.Inspector.Mac\MonoDevelop.Inspector.Mac.csproj", "{A232143E-EB29-45EF-97C8-E88E3F4CB327}"
EndProject
Project("{2150E333-8FDC-42A3-9474-1A3956D46DE8}") = "Examples", "Examples", "{844291DE-B524-4683-99B6-69C683439F79}"
EndProject
Project("{2150E333-8FDC-42A3-9474-1A3956D46DE8}") = "External", "External", "{346DD193-9D81-454A-AD8A-F6CD04B686D4}"
EndProject
Project("{FAE04EC0-301F-11D3-BF4B-00C04F79EFBC}") = "Xamarin.PropertyEditing", "external\Xamarin.PropertyEditing\Xamarin.PropertyEditing\Xamarin.PropertyEditing.csproj", "{A0B6FE73-D046-4E1C-BA9D-F20683889C5A}"
EndProject
Project("{FAE04EC0-301F-11D3-BF4B-00C04F79EFBC}") = "Xamarin.PropertyEditing.Mac", "external\Xamarin.PropertyEditing\Xamarin.PropertyEditing.Mac\Xamarin.PropertyEditing.Mac.csproj", "{E8F4F0EB-C2B1-4116-8459-E076E0E0E485}"
EndProject
Project("{FAE04EC0-301F-11D3-BF4B-00C04F79EFBC}") = "Xwt", "external\xwt\Xwt\Xwt.csproj", "{92494904-35FA-4DC9-BDE9-3A3E87AC49D3}"
EndProject
Project("{FAE04EC0-301F-11D3-BF4B-00C04F79EFBC}") = "Xwt.XamMac", "external\xwt\Xwt.XamMac\Xwt.XamMac.csproj", "{B7C1673E-5124-4BE5-8D21-EC8B12F85B6B}"
EndProject
Project("{FAE04EC0-301F-11D3-BF4B-00C04F79EFBC}") = "Xwt.Gtk", "external\xwt\Xwt.Gtk\Xwt.Gtk.csproj", "{C3887A93-B2BD-4097-8E2F-3A063EFF32FD}"
EndProject
Project("{FAE04EC0-301F-11D3-BF4B-00C04F79EFBC}") = "Xwt.Gtk.Mac", "external\xwt\Xwt.Gtk.Mac\Xwt.Gtk.Mac.csproj", "{E95833C9-90AA-4366-9262-0A1BED148249}"
EndProject
Project("{FAE04EC0-301F-11D3-BF4B-00C04F79EFBC}") = "ExampleDebugMac", "ExampleDebugMac\ExampleDebugMac.csproj", "{DDA58AC1-BF88-4957-BA63-580A809D1D57}"
EndProject
Project("{FAE04EC0-301F-11D3-BF4B-00C04F79EFBC}") = "MonoDevelop.Inspector.Core", "MonoDevelop.Inspector.Core\MonoDevelop.Inspector.Core.csproj", "{565D8019-7355-4331-86D3-E72D8E17D7B5}"
EndProject
Project("{FAE04EC0-301F-11D3-BF4B-00C04F79EFBC}") = "MonoDevelop.Inspector.XwtMac", "MonoDevelop.Inspector.Xwt.Mac\MonoDevelop.Inspector.XwtMac.csproj", "{59CBB16E-1EA8-4297-AD8D-6FA5BD56F0C5}"
EndProject
Project("{FAE04EC0-301F-11D3-BF4B-00C04F79EFBC}") = "ExampleDebugXwt.Mac", "ExampleDebugXwt\ExampleDebugXwt.Mac.csproj", "{29C0F99C-6E9F-4936-B965-2E7AA3CE4D32}"
EndProject
Project("{FAE04EC0-301F-11D3-BF4B-00C04F79EFBC}") = "MonoDevelop.Inspector.Tests", "MonoDevelop.Inspector.Tests\MonoDevelop.Inspector.Tests.csproj", "{763E5EFB-71C4-41AE-A13A-AE3D358F5132}"
EndProject
Project("{9344BDBB-3E7F-41FC-A0DD-8665D75EE146}") = "ExampleDebugGtk", "ExampleDebugGtk\ExampleDebugGtk.csproj", "{FE20BD9D-FB88-4B03-A902-53A2FE255F08}"
EndProject
Project("{9344BDBB-3E7F-41FC-A0DD-8665D75EE146}") = "MonoDevelop.Inspector.Gtk", "MonoDevelop.Inspector.Gtk\MonoDevelop.Inspector.Gtk.csproj", "{9C0C187B-FE6A-40B0-81A0-52A0CF7ED10E}"
EndProject
Project("{FAE04EC0-301F-11D3-BF4B-00C04F79EFBC}") = "FigmaSharp", "external\FigmaSharp\FigmaSharp\FigmaSharp.csproj", "{AD306162-8DAD-4DBD-B264-BDA8765CC107}"
EndProject
Project("{FAE04EC0-301F-11D3-BF4B-00C04F79EFBC}") = "FigmaSharp.Cocoa", "external\FigmaSharp\FigmaSharp.Cocoa\FigmaSharp.Cocoa.csproj", "{C16867FC-93FC-4E4C-B4DF-6F40D9615E01}"
EndProject
Global
	GlobalSection(SolutionConfigurationPlatforms) = preSolution
		Debug|Any CPU = Debug|Any CPU
		Release|Any CPU = Release|Any CPU
	EndGlobalSection
	GlobalSection(ProjectConfigurationPlatforms) = postSolution
		{A232143E-EB29-45EF-97C8-E88E3F4CB327}.Debug|Any CPU.ActiveCfg = Debug|Any CPU
		{A232143E-EB29-45EF-97C8-E88E3F4CB327}.Debug|Any CPU.Build.0 = Debug|Any CPU
		{A232143E-EB29-45EF-97C8-E88E3F4CB327}.Release|Any CPU.ActiveCfg = Release|Any CPU
		{A232143E-EB29-45EF-97C8-E88E3F4CB327}.Release|Any CPU.Build.0 = Release|Any CPU
		{A0B6FE73-D046-4E1C-BA9D-F20683889C5A}.Debug|Any CPU.ActiveCfg = Debug|Any CPU
		{A0B6FE73-D046-4E1C-BA9D-F20683889C5A}.Debug|Any CPU.Build.0 = Debug|Any CPU
		{A0B6FE73-D046-4E1C-BA9D-F20683889C5A}.Release|Any CPU.ActiveCfg = Release|Any CPU
		{A0B6FE73-D046-4E1C-BA9D-F20683889C5A}.Release|Any CPU.Build.0 = Release|Any CPU
		{E8F4F0EB-C2B1-4116-8459-E076E0E0E485}.Debug|Any CPU.ActiveCfg = Debug|Any CPU
		{E8F4F0EB-C2B1-4116-8459-E076E0E0E485}.Debug|Any CPU.Build.0 = Debug|Any CPU
		{E8F4F0EB-C2B1-4116-8459-E076E0E0E485}.Release|Any CPU.ActiveCfg = Release|Any CPU
		{E8F4F0EB-C2B1-4116-8459-E076E0E0E485}.Release|Any CPU.Build.0 = Release|Any CPU
		{92494904-35FA-4DC9-BDE9-3A3E87AC49D3}.Debug|Any CPU.ActiveCfg = Debug|Any CPU
		{92494904-35FA-4DC9-BDE9-3A3E87AC49D3}.Debug|Any CPU.Build.0 = Debug|Any CPU
		{92494904-35FA-4DC9-BDE9-3A3E87AC49D3}.Release|Any CPU.ActiveCfg = Release|Any CPU
		{92494904-35FA-4DC9-BDE9-3A3E87AC49D3}.Release|Any CPU.Build.0 = Release|Any CPU
		{B7C1673E-5124-4BE5-8D21-EC8B12F85B6B}.Debug|Any CPU.ActiveCfg = Debug|Any CPU
		{B7C1673E-5124-4BE5-8D21-EC8B12F85B6B}.Debug|Any CPU.Build.0 = Debug|Any CPU
		{B7C1673E-5124-4BE5-8D21-EC8B12F85B6B}.Release|Any CPU.ActiveCfg = Release|Any CPU
		{B7C1673E-5124-4BE5-8D21-EC8B12F85B6B}.Release|Any CPU.Build.0 = Release|Any CPU
		{C3887A93-B2BD-4097-8E2F-3A063EFF32FD}.Debug|Any CPU.ActiveCfg = Debug|Any CPU
		{C3887A93-B2BD-4097-8E2F-3A063EFF32FD}.Debug|Any CPU.Build.0 = Debug|Any CPU
		{C3887A93-B2BD-4097-8E2F-3A063EFF32FD}.Release|Any CPU.ActiveCfg = Release|Any CPU
		{C3887A93-B2BD-4097-8E2F-3A063EFF32FD}.Release|Any CPU.Build.0 = Release|Any CPU
		{E95833C9-90AA-4366-9262-0A1BED148249}.Debug|Any CPU.ActiveCfg = Debug|Any CPU
		{E95833C9-90AA-4366-9262-0A1BED148249}.Debug|Any CPU.Build.0 = Debug|Any CPU
		{E95833C9-90AA-4366-9262-0A1BED148249}.Release|Any CPU.ActiveCfg = Release|Any CPU
		{E95833C9-90AA-4366-9262-0A1BED148249}.Release|Any CPU.Build.0 = Release|Any CPU
		{DDA58AC1-BF88-4957-BA63-580A809D1D57}.Debug|Any CPU.ActiveCfg = Debug|Any CPU
		{DDA58AC1-BF88-4957-BA63-580A809D1D57}.Debug|Any CPU.Build.0 = Debug|Any CPU
		{DDA58AC1-BF88-4957-BA63-580A809D1D57}.Release|Any CPU.ActiveCfg = Release|Any CPU
		{DDA58AC1-BF88-4957-BA63-580A809D1D57}.Release|Any CPU.Build.0 = Release|Any CPU
		{565D8019-7355-4331-86D3-E72D8E17D7B5}.Debug|Any CPU.ActiveCfg = Debug|Any CPU
		{565D8019-7355-4331-86D3-E72D8E17D7B5}.Debug|Any CPU.Build.0 = Debug|Any CPU
		{565D8019-7355-4331-86D3-E72D8E17D7B5}.Release|Any CPU.ActiveCfg = Release|Any CPU
		{565D8019-7355-4331-86D3-E72D8E17D7B5}.Release|Any CPU.Build.0 = Release|Any CPU
		{59CBB16E-1EA8-4297-AD8D-6FA5BD56F0C5}.Debug|Any CPU.ActiveCfg = Debug|Any CPU
		{59CBB16E-1EA8-4297-AD8D-6FA5BD56F0C5}.Debug|Any CPU.Build.0 = Debug|Any CPU
		{59CBB16E-1EA8-4297-AD8D-6FA5BD56F0C5}.Release|Any CPU.ActiveCfg = Release|Any CPU
		{59CBB16E-1EA8-4297-AD8D-6FA5BD56F0C5}.Release|Any CPU.Build.0 = Release|Any CPU
		{29C0F99C-6E9F-4936-B965-2E7AA3CE4D32}.Debug|Any CPU.ActiveCfg = Debug|Any CPU
		{29C0F99C-6E9F-4936-B965-2E7AA3CE4D32}.Debug|Any CPU.Build.0 = Debug|Any CPU
		{29C0F99C-6E9F-4936-B965-2E7AA3CE4D32}.Release|Any CPU.ActiveCfg = Release|Any CPU
		{29C0F99C-6E9F-4936-B965-2E7AA3CE4D32}.Release|Any CPU.Build.0 = Release|Any CPU
		{763E5EFB-71C4-41AE-A13A-AE3D358F5132}.Debug|Any CPU.ActiveCfg = Debug|Any CPU
		{763E5EFB-71C4-41AE-A13A-AE3D358F5132}.Debug|Any CPU.Build.0 = Debug|Any CPU
		{763E5EFB-71C4-41AE-A13A-AE3D358F5132}.Release|Any CPU.ActiveCfg = Release|Any CPU
		{763E5EFB-71C4-41AE-A13A-AE3D358F5132}.Release|Any CPU.Build.0 = Release|Any CPU
		{FE20BD9D-FB88-4B03-A902-53A2FE255F08}.Debug|Any CPU.ActiveCfg = Debug|Any CPU
		{FE20BD9D-FB88-4B03-A902-53A2FE255F08}.Debug|Any CPU.Build.0 = Debug|Any CPU
		{FE20BD9D-FB88-4B03-A902-53A2FE255F08}.Release|Any CPU.ActiveCfg = Release|Any CPU
		{FE20BD9D-FB88-4B03-A902-53A2FE255F08}.Release|Any CPU.Build.0 = Release|Any CPU
		{9C0C187B-FE6A-40B0-81A0-52A0CF7ED10E}.Debug|Any CPU.ActiveCfg = Debug|Any CPU
		{9C0C187B-FE6A-40B0-81A0-52A0CF7ED10E}.Debug|Any CPU.Build.0 = Debug|Any CPU
		{9C0C187B-FE6A-40B0-81A0-52A0CF7ED10E}.Release|Any CPU.ActiveCfg = Release|Any CPU
		{9C0C187B-FE6A-40B0-81A0-52A0CF7ED10E}.Release|Any CPU.Build.0 = Release|Any CPU
		{AD306162-8DAD-4DBD-B264-BDA8765CC107}.Debug|Any CPU.ActiveCfg = Debug|Any CPU
		{AD306162-8DAD-4DBD-B264-BDA8765CC107}.Debug|Any CPU.Build.0 = Debug|Any CPU
		{AD306162-8DAD-4DBD-B264-BDA8765CC107}.Release|Any CPU.ActiveCfg = Release|Any CPU
		{AD306162-8DAD-4DBD-B264-BDA8765CC107}.Release|Any CPU.Build.0 = Release|Any CPU
		{C16867FC-93FC-4E4C-B4DF-6F40D9615E01}.Debug|Any CPU.ActiveCfg = Debug|Any CPU
		{C16867FC-93FC-4E4C-B4DF-6F40D9615E01}.Debug|Any CPU.Build.0 = Debug|Any CPU
		{C16867FC-93FC-4E4C-B4DF-6F40D9615E01}.Release|Any CPU.ActiveCfg = Release|Any CPU
		{C16867FC-93FC-4E4C-B4DF-6F40D9615E01}.Release|Any CPU.Build.0 = Release|Any CPU
	EndGlobalSection
	GlobalSection(NestedProjects) = preSolution
		{A0B6FE73-D046-4E1C-BA9D-F20683889C5A} = {346DD193-9D81-454A-AD8A-F6CD04B686D4}
		{E8F4F0EB-C2B1-4116-8459-E076E0E0E485} = {346DD193-9D81-454A-AD8A-F6CD04B686D4}
		{92494904-35FA-4DC9-BDE9-3A3E87AC49D3} = {346DD193-9D81-454A-AD8A-F6CD04B686D4}
		{B7C1673E-5124-4BE5-8D21-EC8B12F85B6B} = {346DD193-9D81-454A-AD8A-F6CD04B686D4}
		{C3887A93-B2BD-4097-8E2F-3A063EFF32FD} = {346DD193-9D81-454A-AD8A-F6CD04B686D4}
		{E95833C9-90AA-4366-9262-0A1BED148249} = {346DD193-9D81-454A-AD8A-F6CD04B686D4}
		{DDA58AC1-BF88-4957-BA63-580A809D1D57} = {844291DE-B524-4683-99B6-69C683439F79}
		{29C0F99C-6E9F-4936-B965-2E7AA3CE4D32} = {844291DE-B524-4683-99B6-69C683439F79}
		{FE20BD9D-FB88-4B03-A902-53A2FE255F08} = {844291DE-B524-4683-99B6-69C683439F79}
		{AD306162-8DAD-4DBD-B264-BDA8765CC107} = {346DD193-9D81-454A-AD8A-F6CD04B686D4}
		{C16867FC-93FC-4E4C-B4DF-6F40D9615E01} = {346DD193-9D81-454A-AD8A-F6CD04B686D4}
	EndGlobalSection
EndGlobal
